
Microsoft Visual Studio Solution File, Format Version 12.00
# Visual Studio Version 17
VisualStudioVersion = 17.2.32602.215
MinimumVisualStudioVersion = 10.0.40219.1
Project("{FAE04EC0-301F-11D3-BF4B-00C04F79EFBC}") = "PasswordGenerator", "PasswordGenerator\PasswordGenerator.csproj", "{8B5C699C-C669-4763-A6D6-7A23925570D4}"
EndProject
Global
	GlobalSection(SolutionConfigurationPlatforms) = preSolution
		Debug|Any CPU = Debug|Any CPU
		Release|Any CPU = Release|Any CPU
	EndGlobalSection
	GlobalSection(ProjectConfigurationPlatforms) = postSolution
		{8B5C699C-C669-4763-A6D6-7A23925570D4}.Debug|Any CPU.ActiveCfg = Debug|Any CPU
		{8B5C699C-C669-4763-A6D6-7A23925570D4}.Debug|Any CPU.Build.0 = Debug|Any CPU
		{8B5C699C-C669-4763-A6D6-7A23925570D4}.Release|Any CPU.ActiveCfg = Release|Any CPU
		{8B5C699C-C669-4763-A6D6-7A23925570D4}.Release|Any CPU.Build.0 = Release|Any CPU
	EndGlobalSection
	GlobalSection(SolutionProperties) = preSolution
		HideSolutionNode = FALSE
	EndGlobalSection
	GlobalSection(ExtensibilityGlobals) = postSolution
		SolutionGuid = {66974BA1-5A3F-448F-9C77-13F3463C71D0}
	EndGlobalSection
EndGlobal
